// !$*UTF8*$!
{
	archiveVersion = 1;
	classes = {
	};
	objectVersion = 55;
	objects = {

/* Begin PBXBuildFile section */
		B5B4D13E2778A28A00340F80 /* CustomCell.swift in Sources */ = {isa = PBXBuildFile; fileRef = B5B4D13D2778A28A00340F80 /* CustomCell.swift */; };
		B5B4D1402778A87000340F80 /* BeastCellDelegate.swift in Sources */ = {isa = PBXBuildFile; fileRef = B5B4D13F2778A87000340F80 /* BeastCellDelegate.swift */; };
		B5C8BF2E2777AAFD002F86EC /* AppDelegate.swift in Sources */ = {isa = PBXBuildFile; fileRef = B5C8BF2D2777AAFD002F86EC /* AppDelegate.swift */; };
		B5C8BF302777AAFD002F86EC /* SceneDelegate.swift in Sources */ = {isa = PBXBuildFile; fileRef = B5C8BF2F2777AAFD002F86EC /* SceneDelegate.swift */; };
		B5C8BF322777AAFD002F86EC /* ViewController.swift in Sources */ = {isa = PBXBuildFile; fileRef = B5C8BF312777AAFD002F86EC /* ViewController.swift */; };
		B5C8BF352777AAFD002F86EC /* Main.storyboard in Resources */ = {isa = PBXBuildFile; fileRef = B5C8BF332777AAFD002F86EC /* Main.storyboard */; };
		B5C8BF372777AAFE002F86EC /* Assets.xcassets in Resources */ = {isa = PBXBuildFile; fileRef = B5C8BF362777AAFE002F86EC /* Assets.xcassets */; };
		B5C8BF3A2777AAFE002F86EC /* LaunchScreen.storyboard in Resources */ = {isa = PBXBuildFile; fileRef = B5C8BF382777AAFE002F86EC /* LaunchScreen.storyboard */; };
/* End PBXBuildFile section */

/* Begin PBXFileReference section */
		B5B4D13D2778A28A00340F80 /* CustomCell.swift */ = {isa = PBXFileReference; lastKnownFileType = sourcecode.swift; path = CustomCell.swift; sourceTree = "<group>"; };
		B5B4D13F2778A87000340F80 /* BeastCellDelegate.swift */ = {isa = PBXFileReference; lastKnownFileType = sourcecode.swift; path = BeastCellDelegate.swift; sourceTree = "<group>"; };
		B5C8BF2A2777AAFD002F86EC /* NajedBeastList.app */ = {isa = PBXFileReference; explicitFileType = wrapper.application; includeInIndex = 0; path = NajedBeastList.app; sourceTree = BUILT_PRODUCTS_DIR; };
		B5C8BF2D2777AAFD002F86EC /* AppDelegate.swift */ = {isa = PBXFileReference; lastKnownFileType = sourcecode.swift; path = AppDelegate.swift; sourceTree = "<group>"; };
		B5C8BF2F2777AAFD002F86EC /* SceneDelegate.swift */ = {isa = PBXFileReference; lastKnownFileType = sourcecode.swift; path = SceneDelegate.swift; sourceTree = "<group>"; };
		B5C8BF312777AAFD002F86EC /* ViewController.swift */ = {isa = PBXFileReference; lastKnownFileType = sourcecode.swift; path = ViewController.swift; sourceTree = "<group>"; };
		B5C8BF342777AAFD002F86EC /* Base */ = {isa = PBXFileReference; lastKnownFileType = file.storyboard; name = Base; path = Base.lproj/Main.storyboard; sourceTree = "<group>"; };
		B5C8BF362777AAFE002F86EC /* Assets.xcassets */ = {isa = PBXFileReference; lastKnownFileType = folder.assetcatalog; path = Assets.xcassets; sourceTree = "<group>"; };
		B5C8BF392777AAFE002F86EC /* Base */ = {isa = PBXFileReference; lastKnownFileType = file.storyboard; name = Base; path = Base.lproj/LaunchScreen.storyboard; sourceTree = "<group>"; };
		B5C8BF3B2777AAFE002F86EC /* Info.plist */ = {isa = PBXFileReference; lastKnownFileType = text.plist.xml; path = Info.plist; sourceTree = "<group>"; };
/* End PBXFileReference section */

/* Begin PBXFrameworksBuildPhase section */
		B5C8BF272777AAFD002F86EC /* Frameworks */ = {
			isa = PBXFrameworksBuildPhase;
			buildActionMask = 2147483647;
			files = (
			);
			runOnlyForDeploymentPostprocessing = 0;
		};
/* End PBXFrameworksBuildPhase section */

/* Begin PBXGroup section */
		B5C8BF212777AAFD002F86EC = {
			isa = PBXGroup;
			children = (
				B5C8BF2C2777AAFD002F86EC /* NajedBeastList */,
				B5C8BF2B2777AAFD002F86EC /* Products */,
			);
			sourceTree = "<group>";
		};
		B5C8BF2B2777AAFD002F86EC /* Products */ = {
			isa = PBXGroup;
			children = (
				B5C8BF2A2777AAFD002F86EC /* NajedBeastList.app */,
			);
			name = Products;
			sourceTree = "<group>";
		};
		B5C8BF2C2777AAFD002F86EC /* NajedBeastList */ = {
			isa = PBXGroup;
			children = (
				B5C8BF2D2777AAFD002F86EC /* AppDelegate.swift */,
				B5C8BF2F2777AAFD002F86EC /* SceneDelegate.swift */,
				B5C8BF312777AAFD002F86EC /* ViewController.swift */,
				B5C8BF332777AAFD002F86EC /* Main.storyboard */,
				B5C8BF362777AAFE002F86EC /* Assets.xcassets */,
				B5C8BF382777AAFE002F86EC /* LaunchScreen.storyboard */,
				B5C8BF3B2777AAFE002F86EC /* Info.plist */,
				B5B4D13D2778A28A00340F80 /* CustomCell.swift */,
				B5B4D13F2778A87000340F80 /* BeastCellDelegate.swift */,
			);
			path = NajedBeastList;
			sourceTree = "<group>";
		};
/* End PBXGroup section */

/* Begin PBXNativeTarget section */
		B5C8BF292777AAFD002F86EC /* NajedBeastList */ = {
			isa = PBXNativeTarget;
			buildConfigurationList = B5C8BF3E2777AAFE002F86EC /* Build configuration list for PBXNativeTarget "NajedBeastList" */;
			buildPhases = (
				B5C8BF262777AAFD002F86EC /* Sources */,
				B5C8BF272777AAFD002F86EC /* Frameworks */,
				B5C8BF282777AAFD002F86EC /* Resources */,
			);
			buildRules = (
			);
			dependencies = (
			);
			name = NajedBeastList;
			productName = NajedBeastList;
			productReference = B5C8BF2A2777AAFD002F86EC /* NajedBeastList.app */;
			productType = "com.apple.product-type.application";
		};
/* End PBXNativeTarget section */

/* Begin PBXProject section */
		B5C8BF222777AAFD002F86EC /* Project object */ = {
			isa = PBXProject;
			attributes = {
				BuildIndependentTargetsInParallel = 1;
				LastSwiftUpdateCheck = 1310;
				LastUpgradeCheck = 1310;
				TargetAttributes = {
					B5C8BF292777AAFD002F86EC = {
						CreatedOnToolsVersion = 13.1;
					};
				};
			};
			buildConfigurationList = B5C8BF252777AAFD002F86EC /* Build configuration list for PBXProject "NajedBeastList" */;
			compatibilityVersion = "Xcode 13.0";
			developmentRegion = en;
			hasScannedForEncodings = 0;
			knownRegions = (
				en,
				Base,
			);
			mainGroup = B5C8BF212777AAFD002F86EC;
			productRefGroup = B5C8BF2B2777AAFD002F86EC /* Products */;
			projectDirPath = "";
			projectRoot = "";
			targets = (
				B5C8BF292777AAFD002F86EC /* NajedBeastList */,
			);
		};
/* End PBXProject section */

/* Begin PBXResourcesBuildPhase section */
		B5C8BF282777AAFD002F86EC /* Resources */ = {
			isa = PBXResourcesBuildPhase;
			buildActionMask = 2147483647;
			files = (
				B5C8BF3A2777AAFE002F86EC /* LaunchScreen.storyboard in Resources */,
				B5C8BF372777AAFE002F86EC /* Assets.xcassets in Resources */,
				B5C8BF352777AAFD002F86EC /* Main.storyboard in Resources */,
			);
			runOnlyForDeploymentPostprocessing = 0;
		};
/* End PBXResourcesBuildPhase section */

/* Begin PBXSourcesBuildPhase section */
		B5C8BF262777AAFD002F86EC /* Sources */ = {
			isa = PBXSourcesBuildPhase;
			buildActionMask = 2147483647;
			files = (
				B5C8BF322777AAFD002F86EC /* ViewController.swift in Sources */,
				B5B4D1402778A87000340F80 /* BeastCellDelegate.swift in Sources */,
				B5C8BF2E2777AAFD002F86EC /* AppDelegate.swift in Sources */,
				B5B4D13E2778A28A00340F80 /* CustomCell.swift in Sources */,
				B5C8BF302777AAFD002F86EC /* SceneDelegate.swift in Sources */,
			);
			runOnlyForDeploymentPostprocessing = 0;
		};
/* End PBXSourcesBuildPhase section */

/* Begin PBXVariantGroup section */
		B5C8BF332777AAFD002F86EC /* Main.storyboard */ = {
			isa = PBXVariantGroup;
			children = (
				B5C8BF342777AAFD002F86EC /* Base */,
			);
			name = Main.storyboard;
			sourceTree = "<group>";
		};
		B5C8BF382777AAFE002F86EC /* LaunchScreen.storyboard */ = {
			isa = PBXVariantGroup;
			children = (
				B5C8BF392777AAFE002F86EC /* Base */,
			);
			name = LaunchScreen.storyboard;
			sourceTree = "<group>";
		};
/* End PBXVariantGroup section */

/* Begin XCBuildConfiguration section */
		B5C8BF3C2777AAFE002F86EC /* Debug */ = {
			isa = XCBuildConfiguration;
			buildSettings = {
				ALWAYS_SEARCH_USER_PATHS = NO;
				CLANG_ANALYZER_NONNULL = YES;
				CLANG_ANALYZER_NUMBER_OBJECT_CONVERSION = YES_AGGRESSIVE;
				CLANG_CXX_LANGUAGE_STANDARD = "gnu++17";
				CLANG_CXX_LIBRARY = "libc++";
				CLANG_ENABLE_MODULES = YES;
				CLANG_ENABLE_OBJC_ARC = YES;
				CLANG_ENABLE_OBJC_WEAK = YES;
				CLANG_WARN_BLOCK_CAPTURE_AUTORELEASING = YES;
				CLANG_WARN_BOOL_CONVERSION = YES;
				CLANG_WARN_COMMA = YES;
				CLANG_WARN_CONSTANT_CONVERSION = YES;
				CLANG_WARN_DEPRECATED_OBJC_IMPLEMENTATIONS = YES;
				CLANG_WARN_DIRECT_OBJC_ISA_USAGE = YES_ERROR;
				CLANG_WARN_DOCUMENTATION_COMMENTS = YES;
				CLANG_WARN_EMPTY_BODY = YES;
				CLANG_WARN_ENUM_CONVERSION = YES;
				CLANG_WARN_INFINITE_RECURSION = YES;
				CLANG_WARN_INT_CONVERSION = YES;
				CLANG_WARN_NON_LITERAL_NULL_CONVERSION = YES;
				CLANG_WARN_OBJC_IMPLICIT_RETAIN_SELF = YES;
				CLANG_WARN_OBJC_LITERAL_CONVERSION = YES;
				CLANG_WARN_OBJC_ROOT_CLASS = YES_ERROR;
				CLANG_WARN_QUOTED_INCLUDE_IN_FRAMEWORK_HEADER = YES;
				CLANG_WARN_RANGE_LOOP_ANALYSIS = YES;
				CLANG_WARN_STRICT_PROTOTYPES = YES;
				CLANG_WARN_SUSPICIOUS_MOVE = YES;
				CLANG_WARN_UNGUARDED_AVAILABILITY = YES_AGGRESSIVE;
				CLANG_WARN_UNREACHABLE_CODE = YES;
				CLANG_WARN__DUPLICATE_METHOD_MATCH = YES;
				COPY_PHASE_STRIP = NO;
				DEBUG_INFORMATION_FORMAT = dwarf;
				ENABLE_STRICT_OBJC_MSGSEND = YES;
				ENABLE_TESTABILITY = YES;
				GCC_C_LANGUAGE_STANDARD = gnu11;
				GCC_DYNAMIC_NO_PIC = NO;
				GCC_NO_COMMON_BLOCKS = YES;
				GCC_OPTIMIZATION_LEVEL = 0;
				GCC_PREPROCESSOR_DEFINITIONS = (
					"DEBUG=1",
					"$(inherited)",
				);
				GCC_WARN_64_TO_32_BIT_CONVERSION = YES;
				GCC_WARN_ABOUT_RETURN_TYPE = YES_ERROR;
				GCC_WARN_UNDECLARED_SELECTOR = YES;
				GCC_WARN_UNINITIALIZED_AUTOS = YES_AGGRESSIVE;
				GCC_WARN_UNUSED_FUNCTION = YES;
				GCC_WARN_UNUSED_VARIABLE = YES;
				IPHONEOS_DEPLOYMENT_TARGET = 15.0;
				MTL_ENABLE_DEBUG_INFO = INCLUDE_SOURCE;
				MTL_FAST_MATH = YES;
				ONLY_ACTIVE_ARCH = YES;
				SDKROOT = iphoneos;
				SWIFT_ACTIVE_COMPILATION_CONDITIONS = DEBUG;
				SWIFT_OPTIMIZATION_LEVEL = "-Onone";
			};
			name = Debug;
		};
		B5C8BF3D2777AAFE002F86EC /* Release */ = {
			isa = XCBuildConfiguration;
			buildSettings = {
				ALWAYS_SEARCH_USER_PATHS = NO;
				CLANG_ANALYZER_NONNULL = YES;
				CLANG_ANALYZER_NUMBER_OBJECT_CONVERSION = YES_AGGRESSIVE;
				CLANG_CXX_LANGUAGE_STANDARD = "gnu++17";
				CLANG_CXX_LIBRARY = "libc++";
				CLANG_ENABLE_MODULES = YES;
				CLANG_ENABLE_OBJC_ARC = YES;
				CLANG_ENABLE_OBJC_WEAK = YES;
				CLANG_WARN_BLOCK_CAPTURE_AUTORELEASING = YES;
				CLANG_WARN_BOOL_CONVERSION = YES;
				CLANG_WARN_COMMA = YES;
				CLANG_WARN_CONSTANT_CONVERSION = YES;
				CLANG_WARN_DEPRECATED_OBJC_IMPLEMENTATIONS = YES;
				CLANG_WARN_DIRECT_OBJC_ISA_USAGE = YES_ERROR;
				CLANG_WARN_DOCUMENTATION_COMMENTS = YES;
				CLANG_WARN_EMPTY_BODY = YES;
				CLANG_WARN_ENUM_CONVERSION = YES;
				CLANG_WARN_INFINITE_RECURSION = YES;
				CLANG_WARN_INT_CONVERSION = YES;
				CLANG_WARN_NON_LITERAL_NULL_CONVERSION = YES;
				CLANG_WARN_OBJC_IMPLICIT_RETAIN_SELF = YES;
				CLANG_WARN_OBJC_LITERAL_CONVERSION = YES;
				CLANG_WARN_OBJC_ROOT_CLASS = YES_ERROR;
				CLANG_WARN_QUOTED_INCLUDE_IN_FRAMEWORK_HEADER = YES;
				CLANG_WARN_RANGE_LOOP_ANALYSIS = YES;
				CLANG_WARN_STRICT_PROTOTYPES = YES;
				CLANG_WARN_SUSPICIOUS_MOVE = YES;
				CLANG_WARN_UNGUARDED_AVAILABILITY = YES_AGGRESSIVE;
				CLANG_WARN_UNREACHABLE_CODE = YES;
				CLANG_WARN__DUPLICATE_METHOD_MATCH = YES;
				COPY_PHASE_STRIP = NO;
				DEBUG_INFORMATION_FORMAT = "dwarf-with-dsym";
				ENABLE_NS_ASSERTIONS = NO;
				ENABLE_STRICT_OBJC_MSGSEND = YES;
				GCC_C_LANGUAGE_STANDARD = gnu11;
				GCC_NO_COMMON_BLOCKS = YES;
				GCC_WARN_64_TO_32_BIT_CONVERSION = YES;
				GCC_WARN_ABOUT_RETURN_TYPE = YES_ERROR;
				GCC_WARN_UNDECLARED_SELECTOR = YES;
				GCC_WARN_UNINITIALIZED_AUTOS = YES_AGGRESSIVE;
				GCC_WARN_UNUSED_FUNCTION = YES;
				GCC_WARN_UNUSED_VARIABLE = YES;
				IPHONEOS_DEPLOYMENT_TARGET = 15.0;
				MTL_ENABLE_DEBUG_INFO = NO;
				MTL_FAST_MATH = YES;
				SDKROOT = iphoneos;
				SWIFT_COMPILATION_MODE = wholemodule;
				SWIFT_OPTIMIZATION_LEVEL = "-O";
				VALIDATE_PRODUCT = YES;
			};
			name = Release;
		};
		B5C8BF3F2777AAFE002F86EC /* Debug */ = {
			isa = XCBuildConfiguration;
			buildSettings = {
				ASSETCATALOG_COMPILER_APPICON_NAME = AppIcon;
				ASSETCATALOG_COMPILER_GLOBAL_ACCENT_COLOR_NAME = AccentColor;
				CODE_SIGN_STYLE = Automatic;
				CURRENT_PROJECT_VERSION = 1;
				DEVELOPMENT_TEAM = A2XFY4CAYY;
				GENERATE_INFOPLIST_FILE = YES;
				INFOPLIST_FILE = NajedBeastList/Info.plist;
				INFOPLIST_KEY_UIApplicationSupportsIndirectInputEvents = YES;
				INFOPLIST_KEY_UILaunchStoryboardName = LaunchScreen;
				INFOPLIST_KEY_UIMainStoryboardFile = Main;
				INFOPLIST_KEY_UISupportedInterfaceOrientations_iPad = "UIInterfaceOrientationPortrait UIInterfaceOrientationPortraitUpsideDown UIInterfaceOrientationLandscapeLeft UIInterfaceOrientationLandscapeRight";
				INFOPLIST_KEY_UISupportedInterfaceOrientations_iPhone = "UIInterfaceOrientationPortrait UIInterfaceOrientationLandscapeLeft UIInterfaceOrientationLandscapeRight";
				LD_RUNPATH_SEARCH_PATHS = (
					"$(inherited)",
					"@executable_path/Frameworks",
				);
				MARKETING_VERSION = 1.0;
				PRODUCT_BUNDLE_IDENTIFIER = com.Najed.NajedBeastList;
				PRODUCT_NAME = "$(TARGET_NAME)";
				SWIFT_EMIT_LOC_STRINGS = YES;
				SWIFT_VERSION = 5.0;
				TARGETED_DEVICE_FAMILY = "1,2";
			};
			name = Debug;
		};
		B5C8BF402777AAFE002F86EC /* Release */ = {
			isa = XCBuildConfiguration;
			buildSettings = {
				ASSETCATALOG_COMPILER_APPICON_NAME = AppIcon;
				ASSETCATALOG_COMPILER_GLOBAL_ACCENT_COLOR_NAME = AccentColor;
				CODE_SIGN_STYLE = Automatic;
				CURRENT_PROJECT_VERSION = 1;
				DEVELOPMENT_TEAM = A2XFY4CAYY;
				GENERATE_INFOPLIST_FILE = YES;
				INFOPLIST_FILE = NajedBeastList/Info.plist;
				INFOPLIST_KEY_UIApplicationSupportsIndirectInputEvents = YES;
				INFOPLIST_KEY_UILaunchStoryboardName = LaunchScreen;
				INFOPLIST_KEY_UIMainStoryboardFile = Main;
				INFOPLIST_KEY_UISupportedInterfaceOrientations_iPad = "UIInterfaceOrientationPortrait UIInterfaceOrientationPortraitUpsideDown UIInterfaceOrientationLandscapeLeft UIInterfaceOrientationLandscapeRight";
				INFOPLIST_KEY_UISupportedInterfaceOrientations_iPhone = "UIInterfaceOrientationPortrait UIInterfaceOrientationLandscapeLeft UIInterfaceOrientationLandscapeRight";
				LD_RUNPATH_SEARCH_PATHS = (
					"$(inherited)",
					"@executable_path/Frameworks",
				);
				MARKETING_VERSION = 1.0;
				PRODUCT_BUNDLE_IDENTIFIER = com.Najed.NajedBeastList;
				PRODUCT_NAME = "$(TARGET_NAME)";
				SWIFT_EMIT_LOC_STRINGS = YES;
				SWIFT_VERSION = 5.0;
				TARGETED_DEVICE_FAMILY = "1,2";
			};
			name = Release;
		};
/* End XCBuildConfiguration section */

/* Begin XCConfigurationList section */
		B5C8BF252777AAFD002F86EC /* Build configuration list for PBXProject "NajedBeastList" */ = {
			isa = XCConfigurationList;
			buildConfigurations = (
				B5C8BF3C2777AAFE002F86EC /* Debug */,
				B5C8BF3D2777AAFE002F86EC /* Release */,
			);
			defaultConfigurationIsVisible = 0;
			defaultConfigurationName = Release;
		};
		B5C8BF3E2777AAFE002F86EC /* Build configuration list for PBXNativeTarget "NajedBeastList" */ = {
			isa = XCConfigurationList;
			buildConfigurations = (
				B5C8BF3F2777AAFE002F86EC /* Debug */,
				B5C8BF402777AAFE002F86EC /* Release */,
			);
			defaultConfigurationIsVisible = 0;
			defaultConfigurationName = Release;
		};
/* End XCConfigurationList section */
	};
	rootObject = B5C8BF222777AAFD002F86EC /* Project object */;
}
